
Microsoft Visual Studio Solution File, Format Version 12.00
# Visual Studio Version 17
VisualStudioVersion = 17.1.32228.430
MinimumVisualStudioVersion = 10.0.40219.1
Project("{FAE04EC0-301F-11D3-BF4B-00C04F79EFBC}") = "cache-distributed-redis", "cache-distributed-redis\cache-distributed-redis.csproj", "{F4C29177-2E08-4839-A812-E2FDAB340E06}"
EndProject
Project("{2150E333-8FDC-42A3-9474-1A3956D46DE8}") = "Solution Items", "Solution Items", "{A879A5D6-13E6-4842-8575-2A67C46A2852}"
	ProjectSection(SolutionItems) = preProject
		.gitignore = .gitignore
	EndProjectSection
EndProject
Global
	GlobalSection(SolutionConfigurationPlatforms) = preSolution
		Debug|Any CPU = Debug|Any CPU
		Release|Any CPU = Release|Any CPU
	EndGlobalSection
	GlobalSection(ProjectConfigurationPlatforms) = postSolution
		{F4C29177-2E08-4839-A812-E2FDAB340E06}.Debug|Any CPU.ActiveCfg = Debug|Any CPU
		{F4C29177-2E08-4839-A812-E2FDAB340E06}.Debug|Any CPU.Build.0 = Debug|Any CPU
		{F4C29177-2E08-4839-A812-E2FDAB340E06}.Release|Any CPU.ActiveCfg = Release|Any CPU
		{F4C29177-2E08-4839-A812-E2FDAB340E06}.Release|Any CPU.Build.0 = Release|Any CPU
	EndGlobalSection
	GlobalSection(SolutionProperties) = preSolution
		HideSolutionNode = FALSE
	EndGlobalSection
	GlobalSection(ExtensibilityGlobals) = postSolution
		SolutionGuid = {7EB6BC67-AC18-439D-BF69-B944E5EE021C}
	EndGlobalSection
EndGlobal
